
Microsoft Visual Studio Solution File, Format Version 12.00
# Visual Studio Version 16
VisualStudioVersion = 16.0.29519.87
MinimumVisualStudioVersion = 10.0.40219.1
Project("{9092AA53-FB77-4645-B42D-1CCCA6BD08BD}") = "VuejsApp8", "VuejsApp8\VuejsApp8.njsproj", "{570B5914-106A-41A3-8108-9F77E5FCFC63}"
EndProject
Global
	GlobalSection(SolutionConfigurationPlatforms) = preSolution
		Debug|Any CPU = Debug|Any CPU
		Release|Any CPU = Release|Any CPU
	EndGlobalSection
	GlobalSection(ProjectConfigurationPlatforms) = postSolution
		{570B5914-106A-41A3-8108-9F77E5FCFC63}.Debug|Any CPU.ActiveCfg = Debug|Any CPU
		{570B5914-106A-41A3-8108-9F77E5FCFC63}.Debug|Any CPU.Build.0 = Debug|Any CPU
		{570B5914-106A-41A3-8108-9F77E5FCFC63}.Release|Any CPU.ActiveCfg = Release|Any CPU
		{570B5914-106A-41A3-8108-9F77E5FCFC63}.Release|Any CPU.Build.0 = Release|Any CPU
	EndGlobalSection
	GlobalSection(SolutionProperties) = preSolution
		HideSolutionNode = FALSE
	EndGlobalSection
	GlobalSection(ExtensibilityGlobals) = postSolution
		SolutionGuid = {C66E0176-552D-4D04-8BB8-DA5FC7C318D3}
	EndGlobalSection
EndGlobal
