
Microsoft Visual Studio Solution File, Format Version 12.00
# Visual Studio 15
VisualStudioVersion = 15.0.27428.2011
MinimumVisualStudioVersion = 10.0.40219.1
Project("{9A19103F-16F7-4668-BE54-9A1E7A4F7556}") = "crm.Dominio", "crm.Dominio\crm.Dominio.csproj", "{564FAFC3-9A39-4CBD-AC88-12F6DD087991}"
EndProject
Project("{FAE04EC0-301F-11D3-BF4B-00C04F79EFBC}") = "crm.Teste", "crm.Teste\crm.Teste.csproj", "{047AC426-9136-4E53-A2C1-7CCF97E18356}"
EndProject
Global
	GlobalSection(SolutionConfigurationPlatforms) = preSolution
		Debug|Any CPU = Debug|Any CPU
		Release|Any CPU = Release|Any CPU
	EndGlobalSection
	GlobalSection(ProjectConfigurationPlatforms) = postSolution
		{564FAFC3-9A39-4CBD-AC88-12F6DD087991}.Debug|Any CPU.ActiveCfg = Debug|Any CPU
		{564FAFC3-9A39-4CBD-AC88-12F6DD087991}.Debug|Any CPU.Build.0 = Debug|Any CPU
		{564FAFC3-9A39-4CBD-AC88-12F6DD087991}.Release|Any CPU.ActiveCfg = Release|Any CPU
		{564FAFC3-9A39-4CBD-AC88-12F6DD087991}.Release|Any CPU.Build.0 = Release|Any CPU
		{047AC426-9136-4E53-A2C1-7CCF97E18356}.Debug|Any CPU.ActiveCfg = Debug|Any CPU
		{047AC426-9136-4E53-A2C1-7CCF97E18356}.Debug|Any CPU.Build.0 = Debug|Any CPU
		{047AC426-9136-4E53-A2C1-7CCF97E18356}.Release|Any CPU.ActiveCfg = Release|Any CPU
		{047AC426-9136-4E53-A2C1-7CCF97E18356}.Release|Any CPU.Build.0 = Release|Any CPU
	EndGlobalSection
	GlobalSection(SolutionProperties) = preSolution
		HideSolutionNode = FALSE
	EndGlobalSection
	GlobalSection(ExtensibilityGlobals) = postSolution
		SolutionGuid = {6583E16E-2A82-4DAE-BA5A-929ED7EEAE53}
	EndGlobalSection
EndGlobal
