
Microsoft Visual Studio Solution File, Format Version 12.00
# Visual Studio Version 17
VisualStudioVersion = 17.1.31911.260
MinimumVisualStudioVersion = 10.0.40219.1
Project("{FAE04EC0-301F-11D3-BF4B-00C04F79EFBC}") = "CargaHub", "CargaHub\CargaHub.csproj", "{73093368-D21E-40CC-BD96-E5C1FF3C66CB}"
EndProject
Global
	GlobalSection(SolutionConfigurationPlatforms) = preSolution
		Debug|Any CPU = Debug|Any CPU
		Release|Any CPU = Release|Any CPU
	EndGlobalSection
	GlobalSection(ProjectConfigurationPlatforms) = postSolution
		{73093368-D21E-40CC-BD96-E5C1FF3C66CB}.Debug|Any CPU.ActiveCfg = Debug|Any CPU
		{73093368-D21E-40CC-BD96-E5C1FF3C66CB}.Debug|Any CPU.Build.0 = Debug|Any CPU
		{73093368-D21E-40CC-BD96-E5C1FF3C66CB}.Release|Any CPU.ActiveCfg = Release|Any CPU
		{73093368-D21E-40CC-BD96-E5C1FF3C66CB}.Release|Any CPU.Build.0 = Release|Any CPU
	EndGlobalSection
	GlobalSection(SolutionProperties) = preSolution
		HideSolutionNode = FALSE
	EndGlobalSection
	GlobalSection(ExtensibilityGlobals) = postSolution
		SolutionGuid = {B7A02650-F8F5-4B2B-83D3-BC20AF8B0060}
	EndGlobalSection
EndGlobal
