
Microsoft Visual Studio Solution File, Format Version 12.00
# Visual Studio Version 16
VisualStudioVersion = 16.0.29519.87
MinimumVisualStudioVersion = 10.0.40219.1
Project("{9092AA53-FB77-4645-B42D-1CCCA6BD08BD}") = "Task", "Task\Task.njsproj", "{61056D13-17C5-4801-BAA3-B15D70FAC7CC}"
EndProject
Global
	GlobalSection(SolutionConfigurationPlatforms) = preSolution
		Debug|Any CPU = Debug|Any CPU
		Release|Any CPU = Release|Any CPU
	EndGlobalSection
	GlobalSection(ProjectConfigurationPlatforms) = postSolution
		{61056D13-17C5-4801-BAA3-B15D70FAC7CC}.Debug|Any CPU.ActiveCfg = Debug|Any CPU
		{61056D13-17C5-4801-BAA3-B15D70FAC7CC}.Debug|Any CPU.Build.0 = Debug|Any CPU
		{61056D13-17C5-4801-BAA3-B15D70FAC7CC}.Release|Any CPU.ActiveCfg = Release|Any CPU
		{61056D13-17C5-4801-BAA3-B15D70FAC7CC}.Release|Any CPU.Build.0 = Release|Any CPU
	EndGlobalSection
	GlobalSection(SolutionProperties) = preSolution
		HideSolutionNode = FALSE
	EndGlobalSection
	GlobalSection(ExtensibilityGlobals) = postSolution
		SolutionGuid = {FFC0D3F4-AF5F-42A0-B07A-B273059BB1FA}
	EndGlobalSection
EndGlobal
